
Microsoft Visual Studio Solution File, Format Version 12.00
# Visual Studio Version 17
VisualStudioVersion = 17.0.31903.59
MinimumVisualStudioVersion = 10.0.40219.1
Project("{FAE04EC0-301F-11D3-BF4B-00C04F79EFBC}") = "Main", "Main\Main.csproj", "{E23E9FFA-8162-446C-A60A-B16162AB816B}"
EndProject
Project("{FAE04EC0-301F-11D3-BF4B-00C04F79EFBC}") = "MainTest", "MainTest\MainTest.csproj", "{59F12A5E-00DF-4836-8F54-E96A72AB4637}"
EndProject
Global
	GlobalSection(SolutionConfigurationPlatforms) = preSolution
		Debug|Any CPU = Debug|Any CPU
		Release|Any CPU = Release|Any CPU
	EndGlobalSection
	GlobalSection(SolutionProperties) = preSolution
		HideSolutionNode = FALSE
	EndGlobalSection
	GlobalSection(ProjectConfigurationPlatforms) = postSolution
		{E23E9FFA-8162-446C-A60A-B16162AB816B}.Debug|Any CPU.ActiveCfg = Debug|Any CPU
		{E23E9FFA-8162-446C-A60A-B16162AB816B}.Debug|Any CPU.Build.0 = Debug|Any CPU
		{E23E9FFA-8162-446C-A60A-B16162AB816B}.Release|Any CPU.ActiveCfg = Release|Any CPU
		{E23E9FFA-8162-446C-A60A-B16162AB816B}.Release|Any CPU.Build.0 = Release|Any CPU
		{59F12A5E-00DF-4836-8F54-E96A72AB4637}.Debug|Any CPU.ActiveCfg = Debug|Any CPU
		{59F12A5E-00DF-4836-8F54-E96A72AB4637}.Debug|Any CPU.Build.0 = Debug|Any CPU
		{59F12A5E-00DF-4836-8F54-E96A72AB4637}.Release|Any CPU.ActiveCfg = Release|Any CPU
		{59F12A5E-00DF-4836-8F54-E96A72AB4637}.Release|Any CPU.Build.0 = Release|Any CPU
	EndGlobalSection
EndGlobal
